
Microsoft Visual Studio Solution File, Format Version 12.00
# Visual Studio 15
Project("{FAE04EC0-301F-11D3-BF4B-00C04F79EFBC}") = "HydrationStationV1.Android", "HydrationStationV1.Android\HydrationStationV1.Android.csproj", "{164C66BD-D3FF-45E5-9E7D-8DD0ADBCC846}"
EndProject
Project("{FAE04EC0-301F-11D3-BF4B-00C04F79EFBC}") = "HydrationStationV1.iOS", "HydrationStationV1.iOS\HydrationStationV1.iOS.csproj", "{A986E43B-E3A6-4639-BE89-3627ACBF5F6D}"
EndProject
Project("{FAE04EC0-301F-11D3-BF4B-00C04F79EFBC}") = "HydrationStationV1", "HydrationStationV1\HydrationStationV1.csproj", "{481119F6-E410-4AD9-A971-49063A633091}"
EndProject
Project("{FAE04EC0-301F-11D3-BF4B-00C04F79EFBC}") = "HydrationStationTests", "HydrationStationTests\HydrationStationTests.csproj", "{D252CA6C-3497-4107-9680-C0EDD77E1FD5}"
EndProject
Global
	GlobalSection(SolutionConfigurationPlatforms) = preSolution
		Debug|Any CPU = Debug|Any CPU
		Release|Any CPU = Release|Any CPU
		Debug|iPhoneSimulator = Debug|iPhoneSimulator
		Release|iPhoneSimulator = Release|iPhoneSimulator
		Debug|iPhone = Debug|iPhone
		Release|iPhone = Release|iPhone
	EndGlobalSection
	GlobalSection(ProjectConfigurationPlatforms) = postSolution
		{164C66BD-D3FF-45E5-9E7D-8DD0ADBCC846}.Debug|Any CPU.ActiveCfg = Debug|Any CPU
		{164C66BD-D3FF-45E5-9E7D-8DD0ADBCC846}.Debug|Any CPU.Build.0 = Debug|Any CPU
		{164C66BD-D3FF-45E5-9E7D-8DD0ADBCC846}.Release|Any CPU.ActiveCfg = Release|Any CPU
		{164C66BD-D3FF-45E5-9E7D-8DD0ADBCC846}.Release|Any CPU.Build.0 = Release|Any CPU
		{164C66BD-D3FF-45E5-9E7D-8DD0ADBCC846}.Debug|iPhoneSimulator.ActiveCfg = Debug|Any CPU
		{164C66BD-D3FF-45E5-9E7D-8DD0ADBCC846}.Debug|iPhoneSimulator.Build.0 = Debug|Any CPU
		{164C66BD-D3FF-45E5-9E7D-8DD0ADBCC846}.Release|iPhoneSimulator.ActiveCfg = Release|Any CPU
		{164C66BD-D3FF-45E5-9E7D-8DD0ADBCC846}.Release|iPhoneSimulator.Build.0 = Release|Any CPU
		{164C66BD-D3FF-45E5-9E7D-8DD0ADBCC846}.Debug|iPhone.ActiveCfg = Debug|Any CPU
		{164C66BD-D3FF-45E5-9E7D-8DD0ADBCC846}.Debug|iPhone.Build.0 = Debug|Any CPU
		{164C66BD-D3FF-45E5-9E7D-8DD0ADBCC846}.Release|iPhone.ActiveCfg = Release|Any CPU
		{164C66BD-D3FF-45E5-9E7D-8DD0ADBCC846}.Release|iPhone.Build.0 = Release|Any CPU
		{A986E43B-E3A6-4639-BE89-3627ACBF5F6D}.Debug|Any CPU.ActiveCfg = Debug|iPhoneSimulator
		{A986E43B-E3A6-4639-BE89-3627ACBF5F6D}.Debug|Any CPU.Build.0 = Debug|iPhoneSimulator
		{A986E43B-E3A6-4639-BE89-3627ACBF5F6D}.Release|Any CPU.ActiveCfg = Release|iPhoneSimulator
		{A986E43B-E3A6-4639-BE89-3627ACBF5F6D}.Release|Any CPU.Build.0 = Release|iPhoneSimulator
		{A986E43B-E3A6-4639-BE89-3627ACBF5F6D}.Debug|iPhoneSimulator.ActiveCfg = Debug|iPhoneSimulator
		{A986E43B-E3A6-4639-BE89-3627ACBF5F6D}.Debug|iPhoneSimulator.Build.0 = Debug|iPhoneSimulator
		{A986E43B-E3A6-4639-BE89-3627ACBF5F6D}.Release|iPhoneSimulator.ActiveCfg = Release|iPhoneSimulator
		{A986E43B-E3A6-4639-BE89-3627ACBF5F6D}.Release|iPhoneSimulator.Build.0 = Release|iPhoneSimulator
		{A986E43B-E3A6-4639-BE89-3627ACBF5F6D}.Debug|iPhone.ActiveCfg = Debug|iPhone
		{A986E43B-E3A6-4639-BE89-3627ACBF5F6D}.Debug|iPhone.Build.0 = Debug|iPhone
		{A986E43B-E3A6-4639-BE89-3627ACBF5F6D}.Release|iPhone.ActiveCfg = Release|iPhone
		{A986E43B-E3A6-4639-BE89-3627ACBF5F6D}.Release|iPhone.Build.0 = Release|iPhone
		{481119F6-E410-4AD9-A971-49063A633091}.Debug|Any CPU.ActiveCfg = Debug|Any CPU
		{481119F6-E410-4AD9-A971-49063A633091}.Debug|Any CPU.Build.0 = Debug|Any CPU
		{481119F6-E410-4AD9-A971-49063A633091}.Release|Any CPU.ActiveCfg = Release|Any CPU
		{481119F6-E410-4AD9-A971-49063A633091}.Release|Any CPU.Build.0 = Release|Any CPU
		{481119F6-E410-4AD9-A971-49063A633091}.Debug|iPhoneSimulator.ActiveCfg = Debug|Any CPU
		{481119F6-E410-4AD9-A971-49063A633091}.Debug|iPhoneSimulator.Build.0 = Debug|Any CPU
		{481119F6-E410-4AD9-A971-49063A633091}.Release|iPhoneSimulator.ActiveCfg = Release|Any CPU
		{481119F6-E410-4AD9-A971-49063A633091}.Release|iPhoneSimulator.Build.0 = Release|Any CPU
		{481119F6-E410-4AD9-A971-49063A633091}.Debug|iPhone.ActiveCfg = Debug|Any CPU
		{481119F6-E410-4AD9-A971-49063A633091}.Debug|iPhone.Build.0 = Debug|Any CPU
		{481119F6-E410-4AD9-A971-49063A633091}.Release|iPhone.ActiveCfg = Release|Any CPU
		{481119F6-E410-4AD9-A971-49063A633091}.Release|iPhone.Build.0 = Release|Any CPU
		{D252CA6C-3497-4107-9680-C0EDD77E1FD5}.Debug|Any CPU.ActiveCfg = Debug|Any CPU
		{D252CA6C-3497-4107-9680-C0EDD77E1FD5}.Debug|Any CPU.Build.0 = Debug|Any CPU
		{D252CA6C-3497-4107-9680-C0EDD77E1FD5}.Release|Any CPU.ActiveCfg = Release|Any CPU
		{D252CA6C-3497-4107-9680-C0EDD77E1FD5}.Release|Any CPU.Build.0 = Release|Any CPU
		{D252CA6C-3497-4107-9680-C0EDD77E1FD5}.Debug|iPhoneSimulator.ActiveCfg = Debug|Any CPU
		{D252CA6C-3497-4107-9680-C0EDD77E1FD5}.Debug|iPhoneSimulator.Build.0 = Debug|Any CPU
		{D252CA6C-3497-4107-9680-C0EDD77E1FD5}.Release|iPhoneSimulator.ActiveCfg = Release|Any CPU
		{D252CA6C-3497-4107-9680-C0EDD77E1FD5}.Release|iPhoneSimulator.Build.0 = Release|Any CPU
		{D252CA6C-3497-4107-9680-C0EDD77E1FD5}.Debug|iPhone.ActiveCfg = Debug|Any CPU
		{D252CA6C-3497-4107-9680-C0EDD77E1FD5}.Debug|iPhone.Build.0 = Debug|Any CPU
		{D252CA6C-3497-4107-9680-C0EDD77E1FD5}.Release|iPhone.ActiveCfg = Release|Any CPU
		{D252CA6C-3497-4107-9680-C0EDD77E1FD5}.Release|iPhone.Build.0 = Release|Any CPU
	EndGlobalSection
EndGlobal
